// !$*UTF8*$!
{
	archiveVersion = 1;
	classes = {
	};
	objectVersion = 50;
	objects = {

/* Begin PBXBuildFile section */
		78C4C5B022C6C02200B6DDE9 /* AppDelegate.swift in Sources */ = {isa = PBXBuildFile; fileRef = 78C4C5AF22C6C02200B6DDE9 /* AppDelegate.swift */; };
		78C4C5B222C6C02200B6DDE9 /* SceneDelegate.swift in Sources */ = {isa = PBXBuildFile; fileRef = 78C4C5B122C6C02200B6DDE9 /* SceneDelegate.swift */; };
		78C4C5B422C6C02200B6DDE9 /* ContentView.swift in Sources */ = {isa = PBXBuildFile; fileRef = 78C4C5B322C6C02200B6DDE9 /* ContentView.swift */; };
		78C4C5B622C6C02300B6DDE9 /* Assets.xcassets in Resources */ = {isa = PBXBuildFile; fileRef = 78C4C5B522C6C02300B6DDE9 /* Assets.xcassets */; };
		78C4C5B922C6C02300B6DDE9 /* Preview Assets.xcassets in Resources */ = {isa = PBXBuildFile; fileRef = 78C4C5B822C6C02300B6DDE9 /* Preview Assets.xcassets */; };
		78C4C5BC22C6C02300B6DDE9 /* LaunchScreen.storyboard in Resources */ = {isa = PBXBuildFile; fileRef = 78C4C5BA22C6C02300B6DDE9 /* LaunchScreen.storyboard */; };
/* End PBXBuildFile section */

/* Begin PBXFileReference section */
		78C4C5AC22C6C02200B6DDE9 /* ListFromJson.app */ = {isa = PBXFileReference; explicitFileType = wrapper.application; includeInIndex = 0; path = ListFromJson.app; sourceTree = BUILT_PRODUCTS_DIR; };
		78C4C5AF22C6C02200B6DDE9 /* AppDelegate.swift */ = {isa = PBXFileReference; lastKnownFileType = sourcecode.swift; path = AppDelegate.swift; sourceTree = "<group>"; };
		78C4C5B122C6C02200B6DDE9 /* SceneDelegate.swift */ = {isa = PBXFileReference; lastKnownFileType = sourcecode.swift; path = SceneDelegate.swift; sourceTree = "<group>"; };
		78C4C5B322C6C02200B6DDE9 /* ContentView.swift */ = {isa = PBXFileReference; lastKnownFileType = sourcecode.swift; path = ContentView.swift; sourceTree = "<group>"; };
		78C4C5B522C6C02300B6DDE9 /* Assets.xcassets */ = {isa = PBXFileReference; lastKnownFileType = folder.assetcatalog; path = Assets.xcassets; sourceTree = "<group>"; };
		78C4C5B822C6C02300B6DDE9 /* Preview Assets.xcassets */ = {isa = PBXFileReference; lastKnownFileType = folder.assetcatalog; path = "Preview Assets.xcassets"; sourceTree = "<group>"; };
		78C4C5BB22C6C02300B6DDE9 /* Base */ = {isa = PBXFileReference; lastKnownFileType = file.storyboard; name = Base; path = Base.lproj/LaunchScreen.storyboard; sourceTree = "<group>"; };
		78C4C5BD22C6C02300B6DDE9 /* Info.plist */ = {isa = PBXFileReference; lastKnownFileType = text.plist.xml; path = Info.plist; sourceTree = "<group>"; };
/* End PBXFileReference section */

/* Begin PBXFrameworksBuildPhase section */
		78C4C5A922C6C02200B6DDE9 /* Frameworks */ = {
			isa = PBXFrameworksBuildPhase;
			buildActionMask = 2147483647;
			files = (
			);
			runOnlyForDeploymentPostprocessing = 0;
		};
/* End PBXFrameworksBuildPhase section */

/* Begin PBXGroup section */
		78C4C5A322C6C02200B6DDE9 = {
			isa = PBXGroup;
			children = (
				78C4C5AE22C6C02200B6DDE9 /* ListFromJson */,
				78C4C5AD22C6C02200B6DDE9 /* Products */,
			);
			sourceTree = "<group>";
		};
		78C4C5AD22C6C02200B6DDE9 /* Products */ = {
			isa = PBXGroup;
			children = (
				78C4C5AC22C6C02200B6DDE9 /* ListFromJson.app */,
			);
			name = Products;
			sourceTree = "<group>";
		};
		78C4C5AE22C6C02200B6DDE9 /* ListFromJson */ = {
			isa = PBXGroup;
			children = (
				78C4C5AF22C6C02200B6DDE9 /* AppDelegate.swift */,
				78C4C5B122C6C02200B6DDE9 /* SceneDelegate.swift */,
				78C4C5B322C6C02200B6DDE9 /* ContentView.swift */,
				78C4C5B522C6C02300B6DDE9 /* Assets.xcassets */,
				78C4C5BA22C6C02300B6DDE9 /* LaunchScreen.storyboard */,
				78C4C5BD22C6C02300B6DDE9 /* Info.plist */,
				78C4C5B722C6C02300B6DDE9 /* Preview Content */,
			);
			path = ListFromJson;
			sourceTree = "<group>";
		};
		78C4C5B722C6C02300B6DDE9 /* Preview Content */ = {
			isa = PBXGroup;
			children = (
				78C4C5B822C6C02300B6DDE9 /* Preview Assets.xcassets */,
			);
			path = "Preview Content";
			sourceTree = "<group>";
		};
/* End PBXGroup section */

/* Begin PBXNativeTarget section */
		78C4C5AB22C6C02200B6DDE9 /* ListFromJson */ = {
			isa = PBXNativeTarget;
			buildConfigurationList = 78C4C5C022C6C02300B6DDE9 /* Build configuration list for PBXNativeTarget "ListFromJson" */;
			buildPhases = (
				78C4C5A822C6C02200B6DDE9 /* Sources */,
				78C4C5A922C6C02200B6DDE9 /* Frameworks */,
				78C4C5AA22C6C02200B6DDE9 /* Resources */,
			);
			buildRules = (
			);
			dependencies = (
			);
			name = ListFromJson;
			productName = ListFromJson;
			productReference = 78C4C5AC22C6C02200B6DDE9 /* ListFromJson.app */;
			productType = "com.apple.product-type.application";
		};
/* End PBXNativeTarget section */

/* Begin PBXProject section */
		78C4C5A422C6C02200B6DDE9 /* Project object */ = {
			isa = PBXProject;
			attributes = {
				LastSwiftUpdateCheck = 1100;
				LastUpgradeCheck = 1100;
				ORGANIZATIONNAME = "Brent Schooley";
				TargetAttributes = {
					78C4C5AB22C6C02200B6DDE9 = {
						CreatedOnToolsVersion = 11.0;
					};
				};
			};
			buildConfigurationList = 78C4C5A722C6C02200B6DDE9 /* Build configuration list for PBXProject "ListFromJson" */;
			compatibilityVersion = "Xcode 9.3";
			developmentRegion = en;
			hasScannedForEncodings = 0;
			knownRegions = (
				en,
				Base,
			);
			mainGroup = 78C4C5A322C6C02200B6DDE9;
			productRefGroup = 78C4C5AD22C6C02200B6DDE9 /* Products */;
			projectDirPath = "";
			projectRoot = "";
			targets = (
				78C4C5AB22C6C02200B6DDE9 /* ListFromJson */,
			);
		};
/* End PBXProject section */

/* Begin PBXResourcesBuildPhase section */
		78C4C5AA22C6C02200B6DDE9 /* Resources */ = {
			isa = PBXResourcesBuildPhase;
			buildActionMask = 2147483647;
			files = (
				78C4C5BC22C6C02300B6DDE9 /* LaunchScreen.storyboard in Resources */,
				78C4C5B922C6C02300B6DDE9 /* Preview Assets.xcassets in Resources */,
				78C4C5B622C6C02300B6DDE9 /* Assets.xcassets in Resources */,
			);
			runOnlyForDeploymentPostprocessing = 0;
		};
/* End PBXResourcesBuildPhase section */

/* Begin PBXSourcesBuildPhase section */
		78C4C5A822C6C02200B6DDE9 /* Sources */ = {
			isa = PBXSourcesBuildPhase;
			buildActionMask = 2147483647;
			files = (
				78C4C5B022C6C02200B6DDE9 /* AppDelegate.swift in Sources */,
				78C4C5B222C6C02200B6DDE9 /* SceneDelegate.swift in Sources */,
				78C4C5B422C6C02200B6DDE9 /* ContentView.swift in Sources */,
			);
			runOnlyForDeploymentPostprocessing = 0;
		};
/* End PBXSourcesBuildPhase section */

/* Begin PBXVariantGroup section */
		78C4C5BA22C6C02300B6DDE9 /* LaunchScreen.storyboard */ = {
			isa = PBXVariantGroup;
			children = (
				78C4C5BB22C6C02300B6DDE9 /* Base */,
			);
			name = LaunchScreen.storyboard;
			sourceTree = "<group>";
		};
/* End PBXVariantGroup section */

/* Begin XCBuildConfiguration section */
		78C4C5BE22C6C02300B6DDE9 /* Debug */ = {
			isa = XCBuildConfiguration;
			buildSettings = {
				ALWAYS_SEARCH_USER_PATHS = NO;
				CLANG_ANALYZER_NONNULL = YES;
				CLANG_ANALYZER_NUMBER_OBJECT_CONVERSION = YES_AGGRESSIVE;
				CLANG_CXX_LANGUAGE_STANDARD = "gnu++14";
				CLANG_CXX_LIBRARY = "libc++";
				CLANG_ENABLE_MODULES = YES;
				CLANG_ENABLE_OBJC_ARC = YES;
				CLANG_ENABLE_OBJC_WEAK = YES;
				CLANG_WARN_BLOCK_CAPTURE_AUTORELEASING = YES;
				CLANG_WARN_BOOL_CONVERSION = YES;
				CLANG_WARN_COMMA = YES;
				CLANG_WARN_CONSTANT_CONVERSION = YES;
				CLANG_WARN_DEPRECATED_OBJC_IMPLEMENTATIONS = YES;
				CLANG_WARN_DIRECT_OBJC_ISA_USAGE = YES_ERROR;
				CLANG_WARN_DOCUMENTATION_COMMENTS = YES;
				CLANG_WARN_EMPTY_BODY = YES;
				CLANG_WARN_ENUM_CONVERSION = YES;
				CLANG_WARN_INFINITE_RECURSION = YES;
				CLANG_WARN_INT_CONVERSION = YES;
				CLANG_WARN_NON_LITERAL_NULL_CONVERSION = YES;
				CLANG_WARN_OBJC_IMPLICIT_RETAIN_SELF = YES;
				CLANG_WARN_OBJC_LITERAL_CONVERSION = YES;
				CLANG_WARN_OBJC_ROOT_CLASS = YES_ERROR;
				CLANG_WARN_RANGE_LOOP_ANALYSIS = YES;
				CLANG_WARN_STRICT_PROTOTYPES = YES;
				CLANG_WARN_SUSPICIOUS_MOVE = YES;
				CLANG_WARN_UNGUARDED_AVAILABILITY = YES_AGGRESSIVE;
				CLANG_WARN_UNREACHABLE_CODE = YES;
				CLANG_WARN__DUPLICATE_METHOD_MATCH = YES;
				COPY_PHASE_STRIP = NO;
				DEBUG_INFORMATION_FORMAT = dwarf;
				ENABLE_STRICT_OBJC_MSGSEND = YES;
				ENABLE_TESTABILITY = YES;
				GCC_C_LANGUAGE_STANDARD = gnu11;
				GCC_DYNAMIC_NO_PIC = NO;
				GCC_NO_COMMON_BLOCKS = YES;
				GCC_OPTIMIZATION_LEVEL = 0;
				GCC_PREPROCESSOR_DEFINITIONS = (
					"DEBUG=1",
					"$(inherited)",
				);
				GCC_WARN_64_TO_32_BIT_CONVERSION = YES;
				GCC_WARN_ABOUT_RETURN_TYPE = YES_ERROR;
				GCC_WARN_UNDECLARED_SELECTOR = YES;
				GCC_WARN_UNINITIALIZED_AUTOS = YES_AGGRESSIVE;
				GCC_WARN_UNUSED_FUNCTION = YES;
				GCC_WARN_UNUSED_VARIABLE = YES;
				IPHONEOS_DEPLOYMENT_TARGET = 13.0;
				MTL_ENABLE_DEBUG_INFO = INCLUDE_SOURCE;
				MTL_FAST_MATH = YES;
				ONLY_ACTIVE_ARCH = YES;
				SDKROOT = iphoneos;
				SWIFT_ACTIVE_COMPILATION_CONDITIONS = DEBUG;
				SWIFT_OPTIMIZATION_LEVEL = "-Onone";
			};
			name = Debug;
		};
		78C4C5BF22C6C02300B6DDE9 /* Release */ = {
			isa = XCBuildConfiguration;
			buildSettings = {
				ALWAYS_SEARCH_USER_PATHS = NO;
				CLANG_ANALYZER_NONNULL = YES;
				CLANG_ANALYZER_NUMBER_OBJECT_CONVERSION = YES_AGGRESSIVE;
				CLANG_CXX_LANGUAGE_STANDARD = "gnu++14";
				CLANG_CXX_LIBRARY = "libc++";
				CLANG_ENABLE_MODULES = YES;
				CLANG_ENABLE_OBJC_ARC = YES;
				CLANG_ENABLE_OBJC_WEAK = YES;
				CLANG_WARN_BLOCK_CAPTURE_AUTORELEASING = YES;
				CLANG_WARN_BOOL_CONVERSION = YES;
				CLANG_WARN_COMMA = YES;
				CLANG_WARN_CONSTANT_CONVERSION = YES;
				CLANG_WARN_DEPRECATED_OBJC_IMPLEMENTATIONS = YES;
				CLANG_WARN_DIRECT_OBJC_ISA_USAGE = YES_ERROR;
				CLANG_WARN_DOCUMENTATION_COMMENTS = YES;
				CLANG_WARN_EMPTY_BODY = YES;
				CLANG_WARN_ENUM_CONVERSION = YES;
				CLANG_WARN_INFINITE_RECURSION = YES;
				CLANG_WARN_INT_CONVERSION = YES;
				CLANG_WARN_NON_LITERAL_NULL_CONVERSION = YES;
				CLANG_WARN_OBJC_IMPLICIT_RETAIN_SELF = YES;
				CLANG_WARN_OBJC_LITERAL_CONVERSION = YES;
				CLANG_WARN_OBJC_ROOT_CLASS = YES_ERROR;
				CLANG_WARN_RANGE_LOOP_ANALYSIS = YES;
				CLANG_WARN_STRICT_PROTOTYPES = YES;
				CLANG_WARN_SUSPICIOUS_MOVE = YES;
				CLANG_WARN_UNGUARDED_AVAILABILITY = YES_AGGRESSIVE;
				CLANG_WARN_UNREACHABLE_CODE = YES;
				CLANG_WARN__DUPLICATE_METHOD_MATCH = YES;
				COPY_PHASE_STRIP = NO;
				DEBUG_INFORMATION_FORMAT = "dwarf-with-dsym";
				ENABLE_NS_ASSERTIONS = NO;
				ENABLE_STRICT_OBJC_MSGSEND = YES;
				GCC_C_LANGUAGE_STANDARD = gnu11;
				GCC_NO_COMMON_BLOCKS = YES;
				GCC_WARN_64_TO_32_BIT_CONVERSION = YES;
				GCC_WARN_ABOUT_RETURN_TYPE = YES_ERROR;
				GCC_WARN_UNDECLARED_SELECTOR = YES;
				GCC_WARN_UNINITIALIZED_AUTOS = YES_AGGRESSIVE;
				GCC_WARN_UNUSED_FUNCTION = YES;
				GCC_WARN_UNUSED_VARIABLE = YES;
				IPHONEOS_DEPLOYMENT_TARGET = 13.0;
				MTL_ENABLE_DEBUG_INFO = NO;
				MTL_FAST_MATH = YES;
				SDKROOT = iphoneos;
				SWIFT_COMPILATION_MODE = wholemodule;
				SWIFT_OPTIMIZATION_LEVEL = "-O";
				VALIDATE_PRODUCT = YES;
			};
			name = Release;
		};
		78C4C5C122C6C02300B6DDE9 /* Debug */ = {
			isa = XCBuildConfiguration;
			buildSettings = {
				ASSETCATALOG_COMPILER_APPICON_NAME = AppIcon;
				CODE_SIGN_STYLE = Automatic;
				DEVELOPMENT_ASSET_PATHS = "ListFromJson/Preview\\ Content";
				DEVELOPMENT_TEAM = F3H76LB3M9;
				ENABLE_PREVIEWS = YES;
				INFOPLIST_FILE = ListFromJson/Info.plist;
				LD_RUNPATH_SEARCH_PATHS = (
					"$(inherited)",
					"@executable_path/Frameworks",
				);
				PRODUCT_BUNDLE_IDENTIFIER = com.codesnack.ListFromJson;
				PRODUCT_NAME = "$(TARGET_NAME)";
				SWIFT_VERSION = 5.0;
				TARGETED_DEVICE_FAMILY = "1,2";
			};
			name = Debug;
		};
		78C4C5C222C6C02300B6DDE9 /* Release */ = {
			isa = XCBuildConfiguration;
			buildSettings = {
				ASSETCATALOG_COMPILER_APPICON_NAME = AppIcon;
				CODE_SIGN_STYLE = Automatic;
				DEVELOPMENT_ASSET_PATHS = "ListFromJson/Preview\\ Content";
				DEVELOPMENT_TEAM = F3H76LB3M9;
				ENABLE_PREVIEWS = YES;
				INFOPLIST_FILE = ListFromJson/Info.plist;
				LD_RUNPATH_SEARCH_PATHS = (
					"$(inherited)",
					"@executable_path/Frameworks",
				);
				PRODUCT_BUNDLE_IDENTIFIER = com.codesnack.ListFromJson;
				PRODUCT_NAME = "$(TARGET_NAME)";
				SWIFT_VERSION = 5.0;
				TARGETED_DEVICE_FAMILY = "1,2";
			};
			name = Release;
		};
/* End XCBuildConfiguration section */

/* Begin XCConfigurationList section */
		78C4C5A722C6C02200B6DDE9 /* Build configuration list for PBXProject "ListFromJson" */ = {
			isa = XCConfigurationList;
			buildConfigurations = (
				78C4C5BE22C6C02300B6DDE9 /* Debug */,
				78C4C5BF22C6C02300B6DDE9 /* Release */,
			);
			defaultConfigurationIsVisible = 0;
			defaultConfigurationName = Release;
		};
		78C4C5C022C6C02300B6DDE9 /* Build configuration list for PBXNativeTarget "ListFromJson" */ = {
			isa = XCConfigurationList;
			buildConfigurations = (
				78C4C5C122C6C02300B6DDE9 /* Debug */,
				78C4C5C222C6C02300B6DDE9 /* Release */,
			);
			defaultConfigurationIsVisible = 0;
			defaultConfigurationName = Release;
		};
/* End XCConfigurationList section */
	};
	rootObject = 78C4C5A422C6C02200B6DDE9 /* Project object */;
}
